
Microsoft Visual Studio Solution File, Format Version 12.00
# Visual Studio Version 16
VisualStudioVersion = 16.0.30204.135
MinimumVisualStudioVersion = 10.0.40219.1
Project("{FAE04EC0-301F-11D3-BF4B-00C04F79EFBC}") = "SitoBank", "SitoBank\SitoBank.csproj", "{B29FC896-B554-4FBD-ABED-ADB064C3B6E3}"
EndProject
Global
	GlobalSection(SolutionConfigurationPlatforms) = preSolution
		Debug|Any CPU = Debug|Any CPU
		Release|Any CPU = Release|Any CPU
	EndGlobalSection
	GlobalSection(ProjectConfigurationPlatforms) = postSolution
		{B29FC896-B554-4FBD-ABED-ADB064C3B6E3}.Debug|Any CPU.ActiveCfg = Debug|Any CPU
		{B29FC896-B554-4FBD-ABED-ADB064C3B6E3}.Debug|Any CPU.Build.0 = Debug|Any CPU
		{B29FC896-B554-4FBD-ABED-ADB064C3B6E3}.Release|Any CPU.ActiveCfg = Release|Any CPU
		{B29FC896-B554-4FBD-ABED-ADB064C3B6E3}.Release|Any CPU.Build.0 = Release|Any CPU
	EndGlobalSection
	GlobalSection(SolutionProperties) = preSolution
		HideSolutionNode = FALSE
	EndGlobalSection
	GlobalSection(ExtensibilityGlobals) = postSolution
		SolutionGuid = {D32F1F43-E701-463A-9AEC-5C9291367A84}
	EndGlobalSection
EndGlobal
